
Microsoft Visual Studio Solution File, Format Version 12.00
# Visual Studio Version 16
VisualStudioVersion = 16.0.31005.135
MinimumVisualStudioVersion = 10.0.40219.1
Project("{FAE04EC0-301F-11D3-BF4B-00C04F79EFBC}") = "test2", "test2\test2.csproj", "{8DFF1A8C-4193-4B24-BE5D-AC1D0C790B25}"
EndProject
Global
	GlobalSection(SolutionConfigurationPlatforms) = preSolution
		Debug|Any CPU = Debug|Any CPU
		Release|Any CPU = Release|Any CPU
	EndGlobalSection
	GlobalSection(ProjectConfigurationPlatforms) = postSolution
		{8DFF1A8C-4193-4B24-BE5D-AC1D0C790B25}.Debug|Any CPU.ActiveCfg = Debug|Any CPU
		{8DFF1A8C-4193-4B24-BE5D-AC1D0C790B25}.Debug|Any CPU.Build.0 = Debug|Any CPU
		{8DFF1A8C-4193-4B24-BE5D-AC1D0C790B25}.Release|Any CPU.ActiveCfg = Release|Any CPU
		{8DFF1A8C-4193-4B24-BE5D-AC1D0C790B25}.Release|Any CPU.Build.0 = Release|Any CPU
	EndGlobalSection
	GlobalSection(SolutionProperties) = preSolution
		HideSolutionNode = FALSE
	EndGlobalSection
	GlobalSection(ExtensibilityGlobals) = postSolution
		SolutionGuid = {D0FCDFFC-77F0-4E35-98C0-F59C63F9D02A}
	EndGlobalSection
EndGlobal
